
Microsoft Visual Studio Solution File, Format Version 12.00
# Visual Studio Version 17
VisualStudioVersion = 17.2.32516.85
MinimumVisualStudioVersion = 10.0.40219.1
Project("{FAE04EC0-301F-11D3-BF4B-00C04F79EFBC}") = "Project3_CookingRecipe", "Project3_CookingRecipe\Project3_CookingRecipe.csproj", "{E7EA10E7-0E09-45DF-BDC0-3C4B29C4C734}"
EndProject
Global
	GlobalSection(SolutionConfigurationPlatforms) = preSolution
		Debug|Any CPU = Debug|Any CPU
		Release|Any CPU = Release|Any CPU
	EndGlobalSection
	GlobalSection(ProjectConfigurationPlatforms) = postSolution
		{E7EA10E7-0E09-45DF-BDC0-3C4B29C4C734}.Debug|Any CPU.ActiveCfg = Debug|Any CPU
		{E7EA10E7-0E09-45DF-BDC0-3C4B29C4C734}.Debug|Any CPU.Build.0 = Debug|Any CPU
		{E7EA10E7-0E09-45DF-BDC0-3C4B29C4C734}.Release|Any CPU.ActiveCfg = Release|Any CPU
		{E7EA10E7-0E09-45DF-BDC0-3C4B29C4C734}.Release|Any CPU.Build.0 = Release|Any CPU
	EndGlobalSection
	GlobalSection(SolutionProperties) = preSolution
		HideSolutionNode = FALSE
	EndGlobalSection
	GlobalSection(ExtensibilityGlobals) = postSolution
		SolutionGuid = {71289B92-64F9-4CE8-A12D-2869CD041503}
	EndGlobalSection
EndGlobal
